
Microsoft Visual Studio Solution File, Format Version 12.00
# Visual Studio Version 16
VisualStudioVersion = 25.0.1706.7
MinimumVisualStudioVersion = 10.0.40219.1
Project("{FAE04EC0-301F-11D3-BF4B-00C04F79EFBC}") = "PersonalFinanceTracker", "MVC_Start_7\PersonalFinanceTracker.csproj", "{3A1E6652-CC2D-4B44-A841-65B43F59F448}"
EndProject
Global
	GlobalSection(SolutionConfigurationPlatforms) = preSolution
		Debug|Any CPU = Debug|Any CPU
		Release|Any CPU = Release|Any CPU
	EndGlobalSection
	GlobalSection(ProjectConfigurationPlatforms) = postSolution
		{3A1E6652-CC2D-4B44-A841-65B43F59F448}.Debug|Any CPU.ActiveCfg = Debug|Any CPU
		{3A1E6652-CC2D-4B44-A841-65B43F59F448}.Debug|Any CPU.Build.0 = Debug|Any CPU
		{3A1E6652-CC2D-4B44-A841-65B43F59F448}.Release|Any CPU.ActiveCfg = Release|Any CPU
		{3A1E6652-CC2D-4B44-A841-65B43F59F448}.Release|Any CPU.Build.0 = Release|Any CPU
	EndGlobalSection
	GlobalSection(SolutionProperties) = preSolution
		HideSolutionNode = FALSE
	EndGlobalSection
	GlobalSection(ExtensibilityGlobals) = postSolution
		SolutionGuid = {957F6DFC-F015-4861-981B-71DCAF3A1438}
	EndGlobalSection
EndGlobal
